
Microsoft Visual Studio Solution File, Format Version 12.00
# Visual Studio Version 16
VisualStudioVersion = 16.0.30011.22
MinimumVisualStudioVersion = 10.0.40219.1
Project("{FAE04EC0-301F-11D3-BF4B-00C04F79EFBC}") = "TrabajandoConPilas", "TrabajandoConPilas\TrabajandoConPilas.csproj", "{0D3D07AA-4CF2-4586-96E3-D1D6DDAE4982}"
EndProject
Global
	GlobalSection(SolutionConfigurationPlatforms) = preSolution
		Debug|Any CPU = Debug|Any CPU
		Release|Any CPU = Release|Any CPU
	EndGlobalSection
	GlobalSection(ProjectConfigurationPlatforms) = postSolution
		{0D3D07AA-4CF2-4586-96E3-D1D6DDAE4982}.Debug|Any CPU.ActiveCfg = Debug|Any CPU
		{0D3D07AA-4CF2-4586-96E3-D1D6DDAE4982}.Debug|Any CPU.Build.0 = Debug|Any CPU
		{0D3D07AA-4CF2-4586-96E3-D1D6DDAE4982}.Release|Any CPU.ActiveCfg = Release|Any CPU
		{0D3D07AA-4CF2-4586-96E3-D1D6DDAE4982}.Release|Any CPU.Build.0 = Release|Any CPU
	EndGlobalSection
	GlobalSection(SolutionProperties) = preSolution
		HideSolutionNode = FALSE
	EndGlobalSection
	GlobalSection(ExtensibilityGlobals) = postSolution
		SolutionGuid = {C75BBCC1-E56C-4112-9DFC-039A073675AF}
	EndGlobalSection
EndGlobal
